// !$*UTF8*$!
{
	archiveVersion = 1;
	classes = {
	};
	objectVersion = 56;
	objects = {

/* Begin PBXBuildFile section */
		4C00AC362C031A1400FA5F53 /* ListTodos.swift in Sources */ = {isa = PBXBuildFile; fileRef = 4C00AC352C031A1400FA5F53 /* ListTodos.swift */; };
		4C00AC382C031A4700FA5F53 /* ListTodos+UnitView.swift in Sources */ = {isa = PBXBuildFile; fileRef = 4C00AC372C031A4700FA5F53 /* ListTodos+UnitView.swift */; };
		4C00AC3A2C036C6200FA5F53 /* ListTodos+Presentation.swift in Sources */ = {isa = PBXBuildFile; fileRef = 4C00AC392C036C6200FA5F53 /* ListTodos+Presentation.swift */; };
		4C00AC3C2C036DDD00FA5F53 /* ListTodos+Model.swift in Sources */ = {isa = PBXBuildFile; fileRef = 4C00AC3B2C036DDD00FA5F53 /* ListTodos+Model.swift */; };
		4C00AC3E2C0495E700FA5F53 /* ListDetails.swift in Sources */ = {isa = PBXBuildFile; fileRef = 4C00AC3D2C0495E700FA5F53 /* ListDetails.swift */; };
		4C00AC402C04961200FA5F53 /* ListDetails+UnitView.swift in Sources */ = {isa = PBXBuildFile; fileRef = 4C00AC3F2C04961200FA5F53 /* ListDetails+UnitView.swift */; };
		4C00AC422C04995800FA5F53 /* ListDetails+Model.swift in Sources */ = {isa = PBXBuildFile; fileRef = 4C00AC412C04995800FA5F53 /* ListDetails+Model.swift */; };
		4C059C562BCC0BC00048F5FA /* NavigationModel.swift in Sources */ = {isa = PBXBuildFile; fileRef = 4C059C552BCC0BC00048F5FA /* NavigationModel.swift */; };
		4C059C5D2BD05B180048F5FA /* Action.swift in Sources */ = {isa = PBXBuildFile; fileRef = 4C059C5C2BD05B180048F5FA /* Action.swift */; };
		4C059C672BD2F8DB0048F5FA /* TodoDetailsModel.swift in Sources */ = {isa = PBXBuildFile; fileRef = 4C059C662BD2F8DB0048F5FA /* TodoDetailsModel.swift */; };
		4C059C6C2BD3B38D0048F5FA /* NavigationRowModel.swift in Sources */ = {isa = PBXBuildFile; fileRef = 4C059C6B2BD3B38D0048F5FA /* NavigationRowModel.swift */; };
		4C059C702BD576890048F5FA /* TodoRowModel.swift in Sources */ = {isa = PBXBuildFile; fileRef = 4C059C6F2BD576890048F5FA /* TodoRowModel.swift */; };
		4C059C732BD57C7B0048F5FA /* Checkmark.swift in Sources */ = {isa = PBXBuildFile; fileRef = 4C059C722BD57C7B0048F5FA /* Checkmark.swift */; };
		4C059C7C2BD991290048F5FA /* DataManager.swift in Sources */ = {isa = PBXBuildFile; fileRef = 4C059C7B2BD991290048F5FA /* DataManager.swift */; };
		4C059C7F2BD991F90048F5FA /* ListItem.swift in Sources */ = {isa = PBXBuildFile; fileRef = 4C059C7D2BD991F90048F5FA /* ListItem.swift */; };
		4C059C802BD991F90048F5FA /* TodoItem.swift in Sources */ = {isa = PBXBuildFile; fileRef = 4C059C7E2BD991F90048F5FA /* TodoItem.swift */; };
		4C059C822BD9A08F0048F5FA /* TodoConfiguration.swift in Sources */ = {isa = PBXBuildFile; fileRef = 4C059C812BD9A08F0048F5FA /* TodoConfiguration.swift */; };
		4C059C842BD9A09E0048F5FA /* ListConfiguration.swift in Sources */ = {isa = PBXBuildFile; fileRef = 4C059C832BD9A09E0048F5FA /* ListConfiguration.swift */; };
		4C059C862BDC32870048F5FA /* RequestManager.swift in Sources */ = {isa = PBXBuildFile; fileRef = 4C059C852BDC32870048F5FA /* RequestManager.swift */; };
		4C059C892BDC32AD0048F5FA /* TodoFilter.swift in Sources */ = {isa = PBXBuildFile; fileRef = 4C059C882BDC32AD0048F5FA /* TodoFilter.swift */; };
		4C059C8B2BDC32BB0048F5FA /* Filter.swift in Sources */ = {isa = PBXBuildFile; fileRef = 4C059C8A2BDC32BB0048F5FA /* Filter.swift */; };
		4C059C8D2BDE2AEB0048F5FA /* ConfigurableItem.swift in Sources */ = {isa = PBXBuildFile; fileRef = 4C059C8C2BDE2AEB0048F5FA /* ConfigurableItem.swift */; };
		4C059C992BDE6D7F0048F5FA /* TodoOrder.swift in Sources */ = {isa = PBXBuildFile; fileRef = 4C059C982BDE6D7F0048F5FA /* TodoOrder.swift */; };
		4C059C9B2BDE6D8E0048F5FA /* Order.swift in Sources */ = {isa = PBXBuildFile; fileRef = 4C059C9A2BDE6D8E0048F5FA /* Order.swift */; };
		4C059C9D2BDEC1260048F5FA /* PreviewContainer.swift in Sources */ = {isa = PBXBuildFile; fileRef = 4C059C9C2BDEC1260048F5FA /* PreviewContainer.swift */; };
		4C059CA12BDFAFCF0048F5FA /* Icon.swift in Sources */ = {isa = PBXBuildFile; fileRef = 4C059CA02BDFAFCF0048F5FA /* Icon.swift */; };
		4C059CA32BE026A30048F5FA /* TodoSign.swift in Sources */ = {isa = PBXBuildFile; fileRef = 4C059CA22BE026A30048F5FA /* TodoSign.swift */; };
		4C43DEEE2C1F086100974507 /* TodoDetails.swift in Sources */ = {isa = PBXBuildFile; fileRef = 4C43DEED2C1F086100974507 /* TodoDetails.swift */; };
		4C43DF562C1F798F00974507 /* TodoDetails+UnitView.swift in Sources */ = {isa = PBXBuildFile; fileRef = 4C43DF552C1F798F00974507 /* TodoDetails+UnitView.swift */; };
		4C43DF5F2C29E76E00974507 /* TodoDetails+Model.swift in Sources */ = {isa = PBXBuildFile; fileRef = 4C43DF5E2C29E76E00974507 /* TodoDetails+Model.swift */; };
		4C4ED5342BE2B5DE0059474A /* ListFilter.swift in Sources */ = {isa = PBXBuildFile; fileRef = 4C4ED5332BE2B5DE0059474A /* ListFilter.swift */; };
		4C4ED5362BE2C2010059474A /* ImpactFeedbackFacade.swift in Sources */ = {isa = PBXBuildFile; fileRef = 4C4ED5352BE2C2010059474A /* ImpactFeedbackFacade.swift */; };
		4C8893432BC286E0005A5DD0 /* Localizable.xcstrings in Resources */ = {isa = PBXBuildFile; fileRef = 4C8893422BC286E0005A5DD0 /* Localizable.xcstrings */; };
		4C8893482BC71109005A5DD0 /* NavigationRow.swift in Sources */ = {isa = PBXBuildFile; fileRef = 4C8893472BC71109005A5DD0 /* NavigationRow.swift */; };
		4CB3F2882BF689E800DDACD3 /* BannerView.swift in Sources */ = {isa = PBXBuildFile; fileRef = 4CB3F2872BF689E800DDACD3 /* BannerView.swift */; };
		4CB3F28B2BF6A11A00DDACD3 /* InFocusView.swift in Sources */ = {isa = PBXBuildFile; fileRef = 4CB3F28A2BF6A11A00DDACD3 /* InFocusView.swift */; };
		4CB3F28F2BF7F39A00DDACD3 /* Sortable.swift in Sources */ = {isa = PBXBuildFile; fileRef = 4CB3F28E2BF7F39A00DDACD3 /* Sortable.swift */; };
		4CDB87FA2BC06BFA0019AC71 /* PlanApp.swift in Sources */ = {isa = PBXBuildFile; fileRef = 4CDB87F92BC06BFA0019AC71 /* PlanApp.swift */; };
		4CDB87FC2BC06BFA0019AC71 /* RootView.swift in Sources */ = {isa = PBXBuildFile; fileRef = 4CDB87FB2BC06BFA0019AC71 /* RootView.swift */; };
		4CDB88002BC06BFB0019AC71 /* Assets.xcassets in Resources */ = {isa = PBXBuildFile; fileRef = 4CDB87FF2BC06BFB0019AC71 /* Assets.xcassets */; };
		4CDB88042BC06BFB0019AC71 /* Preview Assets.xcassets in Resources */ = {isa = PBXBuildFile; fileRef = 4CDB88032BC06BFB0019AC71 /* Preview Assets.xcassets */; };
		4CDB880E2BC06BFB0019AC71 /* Plan_UniversalTests.swift in Sources */ = {isa = PBXBuildFile; fileRef = 4CDB880D2BC06BFB0019AC71 /* Plan_UniversalTests.swift */; };
		4CDB88182BC06BFB0019AC71 /* Plan_UniversalUITests.swift in Sources */ = {isa = PBXBuildFile; fileRef = 4CDB88172BC06BFB0019AC71 /* Plan_UniversalUITests.swift */; };
		4CDB881A2BC06BFB0019AC71 /* Plan_UniversalUITestsLaunchTests.swift in Sources */ = {isa = PBXBuildFile; fileRef = 4CDB88192BC06BFB0019AC71 /* Plan_UniversalUITestsLaunchTests.swift */; };
		4CDB882B2BC06D2E0019AC71 /* Sidebar+UnitView.swift in Sources */ = {isa = PBXBuildFile; fileRef = 4CDB882A2BC06D2E0019AC71 /* Sidebar+UnitView.swift */; };
		4CDB88332BC06F7D0019AC71 /* Panel.swift in Sources */ = {isa = PBXBuildFile; fileRef = 4CDB88322BC06F7D0019AC71 /* Panel.swift */; };
		4CDB883D2BC08E7F0019AC71 /* TodoRow.swift in Sources */ = {isa = PBXBuildFile; fileRef = 4CDB883C2BC08E7F0019AC71 /* TodoRow.swift */; };
		4CDB883F2BC090930019AC71 /* TodoPriority.swift in Sources */ = {isa = PBXBuildFile; fileRef = 4CDB883E2BC090930019AC71 /* TodoPriority.swift */; };
		4CDB88412BC090F60019AC71 /* TodoStatus.swift in Sources */ = {isa = PBXBuildFile; fileRef = 4CDB88402BC090F60019AC71 /* TodoStatus.swift */; };
		4CEEC0322BFA515E00C10EF6 /* TodoView.swift in Sources */ = {isa = PBXBuildFile; fileRef = 4CEEC0312BFA515E00C10EF6 /* TodoView.swift */; };
		4CEEC0382BFD2A3000C10EF6 /* Sidebar.swift in Sources */ = {isa = PBXBuildFile; fileRef = 4CEEC0372BFD2A3000C10EF6 /* Sidebar.swift */; };
		4CEEC03A2BFD2A6300C10EF6 /* Sidebar+ListsSection.swift in Sources */ = {isa = PBXBuildFile; fileRef = 4CEEC0392BFD2A6300C10EF6 /* Sidebar+ListsSection.swift */; };
		4CEEC03C2BFD2BCB00C10EF6 /* Sidebar+Presentation.swift in Sources */ = {isa = PBXBuildFile; fileRef = 4CEEC03B2BFD2BCB00C10EF6 /* Sidebar+Presentation.swift */; };
/* End PBXBuildFile section */

/* Begin PBXContainerItemProxy section */
		4CDB880A2BC06BFB0019AC71 /* PBXContainerItemProxy */ = {
			isa = PBXContainerItemProxy;
			containerPortal = 4CDB87EE2BC06BFA0019AC71 /* Project object */;
			proxyType = 1;
			remoteGlobalIDString = 4CDB87F52BC06BFA0019AC71;
			remoteInfo = "Plan Universal";
		};
		4CDB88142BC06BFB0019AC71 /* PBXContainerItemProxy */ = {
			isa = PBXContainerItemProxy;
			containerPortal = 4CDB87EE2BC06BFA0019AC71 /* Project object */;
			proxyType = 1;
			remoteGlobalIDString = 4CDB87F52BC06BFA0019AC71;
			remoteInfo = "Plan Universal";
		};
/* End PBXContainerItemProxy section */

/* Begin PBXFileReference section */
		4C00AC352C031A1400FA5F53 /* ListTodos.swift */ = {isa = PBXFileReference; lastKnownFileType = sourcecode.swift; path = ListTodos.swift; sourceTree = "<group>"; };
		4C00AC372C031A4700FA5F53 /* ListTodos+UnitView.swift */ = {isa = PBXFileReference; lastKnownFileType = sourcecode.swift; path = "ListTodos+UnitView.swift"; sourceTree = "<group>"; };
		4C00AC392C036C6200FA5F53 /* ListTodos+Presentation.swift */ = {isa = PBXFileReference; lastKnownFileType = sourcecode.swift; path = "ListTodos+Presentation.swift"; sourceTree = "<group>"; };
		4C00AC3B2C036DDD00FA5F53 /* ListTodos+Model.swift */ = {isa = PBXFileReference; lastKnownFileType = sourcecode.swift; path = "ListTodos+Model.swift"; sourceTree = "<group>"; };
		4C00AC3D2C0495E700FA5F53 /* ListDetails.swift */ = {isa = PBXFileReference; lastKnownFileType = sourcecode.swift; path = ListDetails.swift; sourceTree = "<group>"; };
		4C00AC3F2C04961200FA5F53 /* ListDetails+UnitView.swift */ = {isa = PBXFileReference; lastKnownFileType = sourcecode.swift; path = "ListDetails+UnitView.swift"; sourceTree = "<group>"; };
		4C00AC412C04995800FA5F53 /* ListDetails+Model.swift */ = {isa = PBXFileReference; lastKnownFileType = sourcecode.swift; path = "ListDetails+Model.swift"; sourceTree = "<group>"; };
		4C059C2E2BC9E62C0048F5FA /* Plan-Universal-Info.plist */ = {isa = PBXFileReference; lastKnownFileType = text.plist; path = "Plan-Universal-Info.plist"; sourceTree = SOURCE_ROOT; };
		4C059C552BCC0BC00048F5FA /* NavigationModel.swift */ = {isa = PBXFileReference; lastKnownFileType = sourcecode.swift; path = NavigationModel.swift; sourceTree = "<group>"; };
		4C059C5C2BD05B180048F5FA /* Action.swift */ = {isa = PBXFileReference; lastKnownFileType = sourcecode.swift; path = Action.swift; sourceTree = "<group>"; };
		4C059C662BD2F8DB0048F5FA /* TodoDetailsModel.swift */ = {isa = PBXFileReference; lastKnownFileType = sourcecode.swift; path = TodoDetailsModel.swift; sourceTree = "<group>"; };
		4C059C6B2BD3B38D0048F5FA /* NavigationRowModel.swift */ = {isa = PBXFileReference; lastKnownFileType = sourcecode.swift; path = NavigationRowModel.swift; sourceTree = "<group>"; };
		4C059C6F2BD576890048F5FA /* TodoRowModel.swift */ = {isa = PBXFileReference; lastKnownFileType = sourcecode.swift; path = TodoRowModel.swift; sourceTree = "<group>"; };
		4C059C722BD57C7B0048F5FA /* Checkmark.swift */ = {isa = PBXFileReference; lastKnownFileType = sourcecode.swift; path = Checkmark.swift; sourceTree = "<group>"; };
		4C059C7B2BD991290048F5FA /* DataManager.swift */ = {isa = PBXFileReference; lastKnownFileType = sourcecode.swift; path = DataManager.swift; sourceTree = "<group>"; };
		4C059C7D2BD991F90048F5FA /* ListItem.swift */ = {isa = PBXFileReference; lastKnownFileType = sourcecode.swift; path = ListItem.swift; sourceTree = "<group>"; };
		4C059C7E2BD991F90048F5FA /* TodoItem.swift */ = {isa = PBXFileReference; lastKnownFileType = sourcecode.swift; path = TodoItem.swift; sourceTree = "<group>"; };
		4C059C812BD9A08F0048F5FA /* TodoConfiguration.swift */ = {isa = PBXFileReference; lastKnownFileType = sourcecode.swift; path = TodoConfiguration.swift; sourceTree = "<group>"; };
		4C059C832BD9A09E0048F5FA /* ListConfiguration.swift */ = {isa = PBXFileReference; lastKnownFileType = sourcecode.swift; path = ListConfiguration.swift; sourceTree = "<group>"; };
		4C059C852BDC32870048F5FA /* RequestManager.swift */ = {isa = PBXFileReference; lastKnownFileType = sourcecode.swift; path = RequestManager.swift; sourceTree = "<group>"; };
		4C059C882BDC32AD0048F5FA /* TodoFilter.swift */ = {isa = PBXFileReference; lastKnownFileType = sourcecode.swift; path = TodoFilter.swift; sourceTree = "<group>"; };
		4C059C8A2BDC32BB0048F5FA /* Filter.swift */ = {isa = PBXFileReference; lastKnownFileType = sourcecode.swift; path = Filter.swift; sourceTree = "<group>"; };
		4C059C8C2BDE2AEB0048F5FA /* ConfigurableItem.swift */ = {isa = PBXFileReference; lastKnownFileType = sourcecode.swift; path = ConfigurableItem.swift; sourceTree = "<group>"; };
		4C059C982BDE6D7F0048F5FA /* TodoOrder.swift */ = {isa = PBXFileReference; lastKnownFileType = sourcecode.swift; path = TodoOrder.swift; sourceTree = "<group>"; };
		4C059C9A2BDE6D8E0048F5FA /* Order.swift */ = {isa = PBXFileReference; lastKnownFileType = sourcecode.swift; path = Order.swift; sourceTree = "<group>"; };
		4C059C9C2BDEC1260048F5FA /* PreviewContainer.swift */ = {isa = PBXFileReference; lastKnownFileType = sourcecode.swift; path = PreviewContainer.swift; sourceTree = "<group>"; };
		4C059CA02BDFAFCF0048F5FA /* Icon.swift */ = {isa = PBXFileReference; lastKnownFileType = sourcecode.swift; path = Icon.swift; sourceTree = "<group>"; };
		4C059CA22BE026A30048F5FA /* TodoSign.swift */ = {isa = PBXFileReference; lastKnownFileType = sourcecode.swift; path = TodoSign.swift; sourceTree = "<group>"; };
		4C43DEED2C1F086100974507 /* TodoDetails.swift */ = {isa = PBXFileReference; lastKnownFileType = sourcecode.swift; path = TodoDetails.swift; sourceTree = "<group>"; };
		4C43DF552C1F798F00974507 /* TodoDetails+UnitView.swift */ = {isa = PBXFileReference; lastKnownFileType = sourcecode.swift; path = "TodoDetails+UnitView.swift"; sourceTree = "<group>"; };
		4C43DF5E2C29E76E00974507 /* TodoDetails+Model.swift */ = {isa = PBXFileReference; lastKnownFileType = sourcecode.swift; path = "TodoDetails+Model.swift"; sourceTree = "<group>"; };
		4C4ED5332BE2B5DE0059474A /* ListFilter.swift */ = {isa = PBXFileReference; lastKnownFileType = sourcecode.swift; path = ListFilter.swift; sourceTree = "<group>"; };
		4C4ED5352BE2C2010059474A /* ImpactFeedbackFacade.swift */ = {isa = PBXFileReference; lastKnownFileType = sourcecode.swift; path = ImpactFeedbackFacade.swift; sourceTree = "<group>"; };
		4C8893422BC286E0005A5DD0 /* Localizable.xcstrings */ = {isa = PBXFileReference; lastKnownFileType = text.json.xcstrings; path = Localizable.xcstrings; sourceTree = "<group>"; };
		4C8893472BC71109005A5DD0 /* NavigationRow.swift */ = {isa = PBXFileReference; lastKnownFileType = sourcecode.swift; path = NavigationRow.swift; sourceTree = "<group>"; };
		4CB3F2872BF689E800DDACD3 /* BannerView.swift */ = {isa = PBXFileReference; lastKnownFileType = sourcecode.swift; path = BannerView.swift; sourceTree = "<group>"; };
		4CB3F28A2BF6A11A00DDACD3 /* InFocusView.swift */ = {isa = PBXFileReference; lastKnownFileType = sourcecode.swift; path = InFocusView.swift; sourceTree = "<group>"; };
		4CB3F28E2BF7F39A00DDACD3 /* Sortable.swift */ = {isa = PBXFileReference; lastKnownFileType = sourcecode.swift; path = Sortable.swift; sourceTree = "<group>"; };
		4CDB87F62BC06BFA0019AC71 /* Plan Universal.app */ = {isa = PBXFileReference; explicitFileType = wrapper.application; includeInIndex = 0; path = "Plan Universal.app"; sourceTree = BUILT_PRODUCTS_DIR; };
		4CDB87F92BC06BFA0019AC71 /* PlanApp.swift */ = {isa = PBXFileReference; lastKnownFileType = sourcecode.swift; path = PlanApp.swift; sourceTree = "<group>"; };
		4CDB87FB2BC06BFA0019AC71 /* RootView.swift */ = {isa = PBXFileReference; lastKnownFileType = sourcecode.swift; path = RootView.swift; sourceTree = "<group>"; };
		4CDB87FF2BC06BFB0019AC71 /* Assets.xcassets */ = {isa = PBXFileReference; lastKnownFileType = folder.assetcatalog; path = Assets.xcassets; sourceTree = "<group>"; };
		4CDB88012BC06BFB0019AC71 /* Plan_Universal.entitlements */ = {isa = PBXFileReference; lastKnownFileType = text.plist.entitlements; path = Plan_Universal.entitlements; sourceTree = "<group>"; };
		4CDB88032BC06BFB0019AC71 /* Preview Assets.xcassets */ = {isa = PBXFileReference; lastKnownFileType = folder.assetcatalog; path = "Preview Assets.xcassets"; sourceTree = "<group>"; };
		4CDB88092BC06BFB0019AC71 /* Plan UniversalTests.xctest */ = {isa = PBXFileReference; explicitFileType = wrapper.cfbundle; includeInIndex = 0; path = "Plan UniversalTests.xctest"; sourceTree = BUILT_PRODUCTS_DIR; };
		4CDB880D2BC06BFB0019AC71 /* Plan_UniversalTests.swift */ = {isa = PBXFileReference; lastKnownFileType = sourcecode.swift; path = Plan_UniversalTests.swift; sourceTree = "<group>"; };
		4CDB88132BC06BFB0019AC71 /* Plan UniversalUITests.xctest */ = {isa = PBXFileReference; explicitFileType = wrapper.cfbundle; includeInIndex = 0; path = "Plan UniversalUITests.xctest"; sourceTree = BUILT_PRODUCTS_DIR; };
		4CDB88172BC06BFB0019AC71 /* Plan_UniversalUITests.swift */ = {isa = PBXFileReference; lastKnownFileType = sourcecode.swift; path = Plan_UniversalUITests.swift; sourceTree = "<group>"; };
		4CDB88192BC06BFB0019AC71 /* Plan_UniversalUITestsLaunchTests.swift */ = {isa = PBXFileReference; lastKnownFileType = sourcecode.swift; path = Plan_UniversalUITestsLaunchTests.swift; sourceTree = "<group>"; };
		4CDB882A2BC06D2E0019AC71 /* Sidebar+UnitView.swift */ = {isa = PBXFileReference; lastKnownFileType = sourcecode.swift; path = "Sidebar+UnitView.swift"; sourceTree = "<group>"; };
		4CDB88322BC06F7D0019AC71 /* Panel.swift */ = {isa = PBXFileReference; lastKnownFileType = sourcecode.swift; path = Panel.swift; sourceTree = "<group>"; };
		4CDB883C2BC08E7F0019AC71 /* TodoRow.swift */ = {isa = PBXFileReference; lastKnownFileType = sourcecode.swift; path = TodoRow.swift; sourceTree = "<group>"; };
		4CDB883E2BC090930019AC71 /* TodoPriority.swift */ = {isa = PBXFileReference; lastKnownFileType = sourcecode.swift; path = TodoPriority.swift; sourceTree = "<group>"; };
		4CDB88402BC090F60019AC71 /* TodoStatus.swift */ = {isa = PBXFileReference; lastKnownFileType = sourcecode.swift; path = TodoStatus.swift; sourceTree = "<group>"; };
		4CEEC0312BFA515E00C10EF6 /* TodoView.swift */ = {isa = PBXFileReference; lastKnownFileType = sourcecode.swift; path = TodoView.swift; sourceTree = "<group>"; };
		4CEEC0372BFD2A3000C10EF6 /* Sidebar.swift */ = {isa = PBXFileReference; lastKnownFileType = sourcecode.swift; path = Sidebar.swift; sourceTree = "<group>"; };
		4CEEC0392BFD2A6300C10EF6 /* Sidebar+ListsSection.swift */ = {isa = PBXFileReference; lastKnownFileType = sourcecode.swift; path = "Sidebar+ListsSection.swift"; sourceTree = "<group>"; };
		4CEEC03B2BFD2BCB00C10EF6 /* Sidebar+Presentation.swift */ = {isa = PBXFileReference; lastKnownFileType = sourcecode.swift; path = "Sidebar+Presentation.swift"; sourceTree = "<group>"; };
/* End PBXFileReference section */

/* Begin PBXFrameworksBuildPhase section */
		4CDB87F32BC06BFA0019AC71 /* Frameworks */ = {
			isa = PBXFrameworksBuildPhase;
			buildActionMask = 2147483647;
			files = (
			);
			runOnlyForDeploymentPostprocessing = 0;
		};
		4CDB88062BC06BFB0019AC71 /* Frameworks */ = {
			isa = PBXFrameworksBuildPhase;
			buildActionMask = 2147483647;
			files = (
			);
			runOnlyForDeploymentPostprocessing = 0;
		};
		4CDB88102BC06BFB0019AC71 /* Frameworks */ = {
			isa = PBXFrameworksBuildPhase;
			buildActionMask = 2147483647;
			files = (
			);
			runOnlyForDeploymentPostprocessing = 0;
		};
/* End PBXFrameworksBuildPhase section */

/* Begin PBXGroup section */
		4C059C712BD57C5A0048F5FA /* Design System */ = {
			isa = PBXGroup;
			children = (
				4C059C722BD57C7B0048F5FA /* Checkmark.swift */,
				4CB3F2872BF689E800DDACD3 /* BannerView.swift */,
				4C059CA02BDFAFCF0048F5FA /* Icon.swift */,
				4CEEC0312BFA515E00C10EF6 /* TodoView.swift */,
			);
			path = "Design System";
			sourceTree = "<group>";
		};
		4C059C7A2BD991100048F5FA /* DataStorage */ = {
			isa = PBXGroup;
			children = (
				4C059C9C2BDEC1260048F5FA /* PreviewContainer.swift */,
				4C059C872BDC32980048F5FA /* Filters */,
				4C059C7B2BD991290048F5FA /* DataManager.swift */,
				4C059C852BDC32870048F5FA /* RequestManager.swift */,
				4C3EFC992BC17CF8006CE43F /* Items */,
				4CB3F28E2BF7F39A00DDACD3 /* Sortable.swift */,
			);
			path = DataStorage;
			sourceTree = "<group>";
		};
		4C059C872BDC32980048F5FA /* Filters */ = {
			isa = PBXGroup;
			children = (
				4C059C8A2BDC32BB0048F5FA /* Filter.swift */,
				4C059C882BDC32AD0048F5FA /* TodoFilter.swift */,
				4C4ED5332BE2B5DE0059474A /* ListFilter.swift */,
				4C059C982BDE6D7F0048F5FA /* TodoOrder.swift */,
				4C059C9A2BDE6D8E0048F5FA /* Order.swift */,
			);
			path = Filters;
			sourceTree = "<group>";
		};
		4C3EFC992BC17CF8006CE43F /* Items */ = {
			isa = PBXGroup;
			children = (
				4C059C7D2BD991F90048F5FA /* ListItem.swift */,
				4C059C7E2BD991F90048F5FA /* TodoItem.swift */,
			);
			path = Items;
			sourceTree = "<group>";
		};
		4C3EFC9A2BC1B56D006CE43F /* TodoDetails */ = {
			isa = PBXGroup;
			children = (
				4C43DEED2C1F086100974507 /* TodoDetails.swift */,
				4C43DF552C1F798F00974507 /* TodoDetails+UnitView.swift */,
				4C059C662BD2F8DB0048F5FA /* TodoDetailsModel.swift */,
				4C43DF5E2C29E76E00974507 /* TodoDetails+Model.swift */,
			);
			path = TodoDetails;
			sourceTree = "<group>";
		};
		4C8893442BC706CA005A5DD0 /* Rows */ = {
			isa = PBXGroup;
			children = (
				4C8893472BC71109005A5DD0 /* NavigationRow.swift */,
				4C059C6B2BD3B38D0048F5FA /* NavigationRowModel.swift */,
			);
			path = Rows;
			sourceTree = "<group>";
		};
		4C8893492BC712D7005A5DD0 /* Common */ = {
			isa = PBXGroup;
			children = (
				4C059C5C2BD05B180048F5FA /* Action.swift */,
			);
			path = Common;
			sourceTree = "<group>";
		};
		4CB3F2892BF6A0E200DDACD3 /* InFocus */ = {
			isa = PBXGroup;
			children = (
				4CB3F28A2BF6A11A00DDACD3 /* InFocusView.swift */,
			);
			path = InFocus;
			sourceTree = "<group>";
		};
		4CDB87ED2BC06BFA0019AC71 = {
			isa = PBXGroup;
			children = (
				4CDB87F82BC06BFA0019AC71 /* Plan Universal */,
				4CDB880C2BC06BFB0019AC71 /* Plan UniversalTests */,
				4CDB88162BC06BFB0019AC71 /* Plan UniversalUITests */,
				4CDB87F72BC06BFA0019AC71 /* Products */,
			);
			sourceTree = "<group>";
		};
		4CDB87F72BC06BFA0019AC71 /* Products */ = {
			isa = PBXGroup;
			children = (
				4CDB87F62BC06BFA0019AC71 /* Plan Universal.app */,
				4CDB88092BC06BFB0019AC71 /* Plan UniversalTests.xctest */,
				4CDB88132BC06BFB0019AC71 /* Plan UniversalUITests.xctest */,
			);
			name = Products;
			sourceTree = "<group>";
		};
		4CDB87F82BC06BFA0019AC71 /* Plan Universal */ = {
			isa = PBXGroup;
			children = (
				4C059C2E2BC9E62C0048F5FA /* Plan-Universal-Info.plist */,
				4CDB87F92BC06BFA0019AC71 /* PlanApp.swift */,
				4CDB88012BC06BFB0019AC71 /* Plan_Universal.entitlements */,
				4C059C712BD57C5A0048F5FA /* Design System */,
				4CDB882E2BC06E120019AC71 /* Services */,
				4C8893492BC712D7005A5DD0 /* Common */,
				4CDB882F2BC06E1E0019AC71 /* Models */,
				4CDB88302BC06E2A0019AC71 /* Resource */,
				4CDB88262BC06C2A0019AC71 /* Units */,
				4CDB88022BC06BFB0019AC71 /* Preview Content */,
			);
			path = "Plan Universal";
			sourceTree = "<group>";
		};
		4CDB88022BC06BFB0019AC71 /* Preview Content */ = {
			isa = PBXGroup;
			children = (
				4CDB88032BC06BFB0019AC71 /* Preview Assets.xcassets */,
			);
			path = "Preview Content";
			sourceTree = "<group>";
		};
		4CDB880C2BC06BFB0019AC71 /* Plan UniversalTests */ = {
			isa = PBXGroup;
			children = (
				4CDB880D2BC06BFB0019AC71 /* Plan_UniversalTests.swift */,
			);
			path = "Plan UniversalTests";
			sourceTree = "<group>";
		};
		4CDB88162BC06BFB0019AC71 /* Plan UniversalUITests */ = {
			isa = PBXGroup;
			children = (
				4CDB88172BC06BFB0019AC71 /* Plan_UniversalUITests.swift */,
				4CDB88192BC06BFB0019AC71 /* Plan_UniversalUITestsLaunchTests.swift */,
			);
			path = "Plan UniversalUITests";
			sourceTree = "<group>";
		};
		4CDB88262BC06C2A0019AC71 /* Units */ = {
			isa = PBXGroup;
			children = (
				4CDB88292BC06C9A0019AC71 /* Root */,
				4CEEC0332BFA922E00C10EF6 /* ListTodos */,
				4CB3F2892BF6A0E200DDACD3 /* InFocus */,
				4CDB88272BC06C310019AC71 /* Sidebar */,
				4CDB88282BC06C3A0019AC71 /* Details */,
				4C3EFC9A2BC1B56D006CE43F /* TodoDetails */,
				4CDB88392BC07E3A0019AC71 /* ListDetails */,
			);
			path = Units;
			sourceTree = "<group>";
		};
		4CDB88272BC06C310019AC71 /* Sidebar */ = {
			isa = PBXGroup;
			children = (
				4CEEC0372BFD2A3000C10EF6 /* Sidebar.swift */,
				4CEEC03B2BFD2BCB00C10EF6 /* Sidebar+Presentation.swift */,
				4CEEC0392BFD2A6300C10EF6 /* Sidebar+ListsSection.swift */,
				4CDB882A2BC06D2E0019AC71 /* Sidebar+UnitView.swift */,
				4C059C552BCC0BC00048F5FA /* NavigationModel.swift */,
				4C8893442BC706CA005A5DD0 /* Rows */,
			);
			path = Sidebar;
			sourceTree = "<group>";
		};
		4CDB88282BC06C3A0019AC71 /* Details */ = {
			isa = PBXGroup;
			children = (
				4CDB88422BC094070019AC71 /* Rows */,
			);
			path = Details;
			sourceTree = "<group>";
		};
		4CDB88292BC06C9A0019AC71 /* Root */ = {
			isa = PBXGroup;
			children = (
				4CDB87FB2BC06BFA0019AC71 /* RootView.swift */,
				4CDB88312BC06F660019AC71 /* Models */,
			);
			path = Root;
			sourceTree = "<group>";
		};
		4CDB882E2BC06E120019AC71 /* Services */ = {
			isa = PBXGroup;
			children = (
				4C059C8C2BDE2AEB0048F5FA /* ConfigurableItem.swift */,
				4C059C7A2BD991100048F5FA /* DataStorage */,
				4C4ED5352BE2C2010059474A /* ImpactFeedbackFacade.swift */,
			);
			path = Services;
			sourceTree = "<group>";
		};
		4CDB882F2BC06E1E0019AC71 /* Models */ = {
			isa = PBXGroup;
			children = (
				4CDB883E2BC090930019AC71 /* TodoPriority.swift */,
				4CDB88402BC090F60019AC71 /* TodoStatus.swift */,
				4C059C812BD9A08F0048F5FA /* TodoConfiguration.swift */,
				4C059C832BD9A09E0048F5FA /* ListConfiguration.swift */,
			);
			path = Models;
			sourceTree = "<group>";
		};
		4CDB88302BC06E2A0019AC71 /* Resource */ = {
			isa = PBXGroup;
			children = (
				4C8893422BC286E0005A5DD0 /* Localizable.xcstrings */,
				4CDB87FF2BC06BFB0019AC71 /* Assets.xcassets */,
			);
			path = Resource;
			sourceTree = "<group>";
		};
		4CDB88312BC06F660019AC71 /* Models */ = {
			isa = PBXGroup;
			children = (
				4CDB88322BC06F7D0019AC71 /* Panel.swift */,
			);
			path = Models;
			sourceTree = "<group>";
		};
		4CDB88392BC07E3A0019AC71 /* ListDetails */ = {
			isa = PBXGroup;
			children = (
				4C00AC3D2C0495E700FA5F53 /* ListDetails.swift */,
				4C00AC3F2C04961200FA5F53 /* ListDetails+UnitView.swift */,
				4C00AC412C04995800FA5F53 /* ListDetails+Model.swift */,
			);
			path = ListDetails;
			sourceTree = "<group>";
		};
		4CDB88422BC094070019AC71 /* Rows */ = {
			isa = PBXGroup;
			children = (
				4CDB883C2BC08E7F0019AC71 /* TodoRow.swift */,
				4C059C6F2BD576890048F5FA /* TodoRowModel.swift */,
				4C059CA22BE026A30048F5FA /* TodoSign.swift */,
			);
			path = Rows;
			sourceTree = "<group>";
		};
		4CEEC0332BFA922E00C10EF6 /* ListTodos */ = {
			isa = PBXGroup;
			children = (
				4C00AC352C031A1400FA5F53 /* ListTodos.swift */,
				4C00AC372C031A4700FA5F53 /* ListTodos+UnitView.swift */,
				4C00AC392C036C6200FA5F53 /* ListTodos+Presentation.swift */,
				4C00AC3B2C036DDD00FA5F53 /* ListTodos+Model.swift */,
			);
			path = ListTodos;
			sourceTree = "<group>";
		};
/* End PBXGroup section */

/* Begin PBXNativeTarget section */
		4CDB87F52BC06BFA0019AC71 /* Plan Universal */ = {
			isa = PBXNativeTarget;
			buildConfigurationList = 4CDB881D2BC06BFB0019AC71 /* Build configuration list for PBXNativeTarget "Plan Universal" */;
			buildPhases = (
				4CDB87F22BC06BFA0019AC71 /* Sources */,
				4CDB87F32BC06BFA0019AC71 /* Frameworks */,
				4CDB87F42BC06BFA0019AC71 /* Resources */,
			);
			buildRules = (
			);
			dependencies = (
			);
			name = "Plan Universal";
			productName = "Plan Universal";
			productReference = 4CDB87F62BC06BFA0019AC71 /* Plan Universal.app */;
			productType = "com.apple.product-type.application";
		};
		4CDB88082BC06BFB0019AC71 /* Plan UniversalTests */ = {
			isa = PBXNativeTarget;
			buildConfigurationList = 4CDB88202BC06BFB0019AC71 /* Build configuration list for PBXNativeTarget "Plan UniversalTests" */;
			buildPhases = (
				4CDB88052BC06BFB0019AC71 /* Sources */,
				4CDB88062BC06BFB0019AC71 /* Frameworks */,
				4CDB88072BC06BFB0019AC71 /* Resources */,
			);
			buildRules = (
			);
			dependencies = (
				4CDB880B2BC06BFB0019AC71 /* PBXTargetDependency */,
			);
			name = "Plan UniversalTests";
			productName = "Plan UniversalTests";
			productReference = 4CDB88092BC06BFB0019AC71 /* Plan UniversalTests.xctest */;
			productType = "com.apple.product-type.bundle.unit-test";
		};
		4CDB88122BC06BFB0019AC71 /* Plan UniversalUITests */ = {
			isa = PBXNativeTarget;
			buildConfigurationList = 4CDB88232BC06BFB0019AC71 /* Build configuration list for PBXNativeTarget "Plan UniversalUITests" */;
			buildPhases = (
				4CDB880F2BC06BFB0019AC71 /* Sources */,
				4CDB88102BC06BFB0019AC71 /* Frameworks */,
				4CDB88112BC06BFB0019AC71 /* Resources */,
			);
			buildRules = (
			);
			dependencies = (
				4CDB88152BC06BFB0019AC71 /* PBXTargetDependency */,
			);
			name = "Plan UniversalUITests";
			productName = "Plan UniversalUITests";
			productReference = 4CDB88132BC06BFB0019AC71 /* Plan UniversalUITests.xctest */;
			productType = "com.apple.product-type.bundle.ui-testing";
		};
/* End PBXNativeTarget section */

/* Begin PBXProject section */
		4CDB87EE2BC06BFA0019AC71 /* Project object */ = {
			isa = PBXProject;
			attributes = {
				BuildIndependentTargetsInParallel = 1;
				LastSwiftUpdateCheck = 1530;
				LastUpgradeCheck = 1530;
				TargetAttributes = {
					4CDB87F52BC06BFA0019AC71 = {
						CreatedOnToolsVersion = 15.3;
					};
					4CDB88082BC06BFB0019AC71 = {
						CreatedOnToolsVersion = 15.3;
						TestTargetID = 4CDB87F52BC06BFA0019AC71;
					};
					4CDB88122BC06BFB0019AC71 = {
						CreatedOnToolsVersion = 15.3;
						TestTargetID = 4CDB87F52BC06BFA0019AC71;
					};
				};
			};
			buildConfigurationList = 4CDB87F12BC06BFA0019AC71 /* Build configuration list for PBXProject "Plan Universal" */;
			compatibilityVersion = "Xcode 14.0";
			developmentRegion = en;
			hasScannedForEncodings = 0;
			knownRegions = (
				en,
				Base,
				ru,
			);
			mainGroup = 4CDB87ED2BC06BFA0019AC71;
			productRefGroup = 4CDB87F72BC06BFA0019AC71 /* Products */;
			projectDirPath = "";
			projectRoot = "";
			targets = (
				4CDB87F52BC06BFA0019AC71 /* Plan Universal */,
				4CDB88082BC06BFB0019AC71 /* Plan UniversalTests */,
				4CDB88122BC06BFB0019AC71 /* Plan UniversalUITests */,
			);
		};
/* End PBXProject section */

/* Begin PBXResourcesBuildPhase section */
		4CDB87F42BC06BFA0019AC71 /* Resources */ = {
			isa = PBXResourcesBuildPhase;
			buildActionMask = 2147483647;
			files = (
				4C8893432BC286E0005A5DD0 /* Localizable.xcstrings in Resources */,
				4CDB88042BC06BFB0019AC71 /* Preview Assets.xcassets in Resources */,
				4CDB88002BC06BFB0019AC71 /* Assets.xcassets in Resources */,
			);
			runOnlyForDeploymentPostprocessing = 0;
		};
		4CDB88072BC06BFB0019AC71 /* Resources */ = {
			isa = PBXResourcesBuildPhase;
			buildActionMask = 2147483647;
			files = (
			);
			runOnlyForDeploymentPostprocessing = 0;
		};
		4CDB88112BC06BFB0019AC71 /* Resources */ = {
			isa = PBXResourcesBuildPhase;
			buildActionMask = 2147483647;
			files = (
			);
			runOnlyForDeploymentPostprocessing = 0;
		};
/* End PBXResourcesBuildPhase section */

/* Begin PBXSourcesBuildPhase section */
		4CDB87F22BC06BFA0019AC71 /* Sources */ = {
			isa = PBXSourcesBuildPhase;
			buildActionMask = 2147483647;
			files = (
				4C00AC382C031A4700FA5F53 /* ListTodos+UnitView.swift in Sources */,
				4C4ED5362BE2C2010059474A /* ImpactFeedbackFacade.swift in Sources */,
				4C059C9D2BDEC1260048F5FA /* PreviewContainer.swift in Sources */,
				4CDB87FC2BC06BFA0019AC71 /* RootView.swift in Sources */,
				4C00AC3E2C0495E700FA5F53 /* ListDetails.swift in Sources */,
				4C059C702BD576890048F5FA /* TodoRowModel.swift in Sources */,
				4C059C842BD9A09E0048F5FA /* ListConfiguration.swift in Sources */,
				4C4ED5342BE2B5DE0059474A /* ListFilter.swift in Sources */,
				4C00AC3C2C036DDD00FA5F53 /* ListTodos+Model.swift in Sources */,
				4C059C672BD2F8DB0048F5FA /* TodoDetailsModel.swift in Sources */,
				4C059C8B2BDC32BB0048F5FA /* Filter.swift in Sources */,
				4CB3F2882BF689E800DDACD3 /* BannerView.swift in Sources */,
				4CEEC0322BFA515E00C10EF6 /* TodoView.swift in Sources */,
				4C059C8D2BDE2AEB0048F5FA /* ConfigurableItem.swift in Sources */,
				4C059C7F2BD991F90048F5FA /* ListItem.swift in Sources */,
				4C059C802BD991F90048F5FA /* TodoItem.swift in Sources */,
				4C059C862BDC32870048F5FA /* RequestManager.swift in Sources */,
				4C43DF562C1F798F00974507 /* TodoDetails+UnitView.swift in Sources */,
				4C059C9B2BDE6D8E0048F5FA /* Order.swift in Sources */,
				4CEEC0382BFD2A3000C10EF6 /* Sidebar.swift in Sources */,
				4C00AC422C04995800FA5F53 /* ListDetails+Model.swift in Sources */,
				4C059C6C2BD3B38D0048F5FA /* NavigationRowModel.swift in Sources */,
				4CB3F28F2BF7F39A00DDACD3 /* Sortable.swift in Sources */,
				4C059C822BD9A08F0048F5FA /* TodoConfiguration.swift in Sources */,
				4CEEC03A2BFD2A6300C10EF6 /* Sidebar+ListsSection.swift in Sources */,
				4C059CA12BDFAFCF0048F5FA /* Icon.swift in Sources */,
				4CB3F28B2BF6A11A00DDACD3 /* InFocusView.swift in Sources */,
				4CDB88332BC06F7D0019AC71 /* Panel.swift in Sources */,
				4CDB88412BC090F60019AC71 /* TodoStatus.swift in Sources */,
				4C00AC402C04961200FA5F53 /* ListDetails+UnitView.swift in Sources */,
				4C059C992BDE6D7F0048F5FA /* TodoOrder.swift in Sources */,
				4C059C5D2BD05B180048F5FA /* Action.swift in Sources */,
				4C059CA32BE026A30048F5FA /* TodoSign.swift in Sources */,
				4C43DF5F2C29E76E00974507 /* TodoDetails+Model.swift in Sources */,
				4CDB883D2BC08E7F0019AC71 /* TodoRow.swift in Sources */,
				4CEEC03C2BFD2BCB00C10EF6 /* Sidebar+Presentation.swift in Sources */,
				4C00AC3A2C036C6200FA5F53 /* ListTodos+Presentation.swift in Sources */,
				4C8893482BC71109005A5DD0 /* NavigationRow.swift in Sources */,
				4C00AC362C031A1400FA5F53 /* ListTodos.swift in Sources */,
				4C43DEEE2C1F086100974507 /* TodoDetails.swift in Sources */,
				4C059C732BD57C7B0048F5FA /* Checkmark.swift in Sources */,
				4C059C7C2BD991290048F5FA /* DataManager.swift in Sources */,
				4C059C892BDC32AD0048F5FA /* TodoFilter.swift in Sources */,
				4CDB883F2BC090930019AC71 /* TodoPriority.swift in Sources */,
				4C059C562BCC0BC00048F5FA /* NavigationModel.swift in Sources */,
				4CDB882B2BC06D2E0019AC71 /* Sidebar+UnitView.swift in Sources */,
				4CDB87FA2BC06BFA0019AC71 /* PlanApp.swift in Sources */,
			);
			runOnlyForDeploymentPostprocessing = 0;
		};
		4CDB88052BC06BFB0019AC71 /* Sources */ = {
			isa = PBXSourcesBuildPhase;
			buildActionMask = 2147483647;
			files = (
				4CDB880E2BC06BFB0019AC71 /* Plan_UniversalTests.swift in Sources */,
			);
			runOnlyForDeploymentPostprocessing = 0;
		};
		4CDB880F2BC06BFB0019AC71 /* Sources */ = {
			isa = PBXSourcesBuildPhase;
			buildActionMask = 2147483647;
			files = (
				4CDB88182BC06BFB0019AC71 /* Plan_UniversalUITests.swift in Sources */,
				4CDB881A2BC06BFB0019AC71 /* Plan_UniversalUITestsLaunchTests.swift in Sources */,
			);
			runOnlyForDeploymentPostprocessing = 0;
		};
/* End PBXSourcesBuildPhase section */

/* Begin PBXTargetDependency section */
		4CDB880B2BC06BFB0019AC71 /* PBXTargetDependency */ = {
			isa = PBXTargetDependency;
			target = 4CDB87F52BC06BFA0019AC71 /* Plan Universal */;
			targetProxy = 4CDB880A2BC06BFB0019AC71 /* PBXContainerItemProxy */;
		};
		4CDB88152BC06BFB0019AC71 /* PBXTargetDependency */ = {
			isa = PBXTargetDependency;
			target = 4CDB87F52BC06BFA0019AC71 /* Plan Universal */;
			targetProxy = 4CDB88142BC06BFB0019AC71 /* PBXContainerItemProxy */;
		};
/* End PBXTargetDependency section */

/* Begin XCBuildConfiguration section */
		4CDB881B2BC06BFB0019AC71 /* Debug */ = {
			isa = XCBuildConfiguration;
			buildSettings = {
				ALWAYS_SEARCH_USER_PATHS = NO;
				ASSETCATALOG_COMPILER_GENERATE_SWIFT_ASSET_SYMBOL_EXTENSIONS = YES;
				CLANG_ANALYZER_NONNULL = YES;
				CLANG_ANALYZER_NUMBER_OBJECT_CONVERSION = YES_AGGRESSIVE;
				CLANG_CXX_LANGUAGE_STANDARD = "gnu++20";
				CLANG_ENABLE_MODULES = YES;
				CLANG_ENABLE_OBJC_ARC = YES;
				CLANG_ENABLE_OBJC_WEAK = YES;
				CLANG_WARN_BLOCK_CAPTURE_AUTORELEASING = YES;
				CLANG_WARN_BOOL_CONVERSION = YES;
				CLANG_WARN_COMMA = YES;
				CLANG_WARN_CONSTANT_CONVERSION = YES;
				CLANG_WARN_DEPRECATED_OBJC_IMPLEMENTATIONS = YES;
				CLANG_WARN_DIRECT_OBJC_ISA_USAGE = YES_ERROR;
				CLANG_WARN_DOCUMENTATION_COMMENTS = YES;
				CLANG_WARN_EMPTY_BODY = YES;
				CLANG_WARN_ENUM_CONVERSION = YES;
				CLANG_WARN_INFINITE_RECURSION = YES;
				CLANG_WARN_INT_CONVERSION = YES;
				CLANG_WARN_NON_LITERAL_NULL_CONVERSION = YES;
				CLANG_WARN_OBJC_IMPLICIT_RETAIN_SELF = YES;
				CLANG_WARN_OBJC_LITERAL_CONVERSION = YES;
				CLANG_WARN_OBJC_ROOT_CLASS = YES_ERROR;
				CLANG_WARN_QUOTED_INCLUDE_IN_FRAMEWORK_HEADER = YES;
				CLANG_WARN_RANGE_LOOP_ANALYSIS = YES;
				CLANG_WARN_STRICT_PROTOTYPES = YES;
				CLANG_WARN_SUSPICIOUS_MOVE = YES;
				CLANG_WARN_UNGUARDED_AVAILABILITY = YES_AGGRESSIVE;
				CLANG_WARN_UNREACHABLE_CODE = YES;
				CLANG_WARN__DUPLICATE_METHOD_MATCH = YES;
				COPY_PHASE_STRIP = NO;
				DEBUG_INFORMATION_FORMAT = dwarf;
				ENABLE_STRICT_OBJC_MSGSEND = YES;
				ENABLE_TESTABILITY = YES;
				ENABLE_USER_SCRIPT_SANDBOXING = YES;
				GCC_C_LANGUAGE_STANDARD = gnu17;
				GCC_DYNAMIC_NO_PIC = NO;
				GCC_NO_COMMON_BLOCKS = YES;
				GCC_OPTIMIZATION_LEVEL = 0;
				GCC_PREPROCESSOR_DEFINITIONS = (
					"DEBUG=1",
					"$(inherited)",
				);
				GCC_WARN_64_TO_32_BIT_CONVERSION = YES;
				GCC_WARN_ABOUT_RETURN_TYPE = YES_ERROR;
				GCC_WARN_UNDECLARED_SELECTOR = YES;
				GCC_WARN_UNINITIALIZED_AUTOS = YES_AGGRESSIVE;
				GCC_WARN_UNUSED_FUNCTION = YES;
				GCC_WARN_UNUSED_VARIABLE = YES;
				LOCALIZATION_PREFERS_STRING_CATALOGS = YES;
				MTL_ENABLE_DEBUG_INFO = INCLUDE_SOURCE;
				MTL_FAST_MATH = YES;
				ONLY_ACTIVE_ARCH = YES;
				SWIFT_ACTIVE_COMPILATION_CONDITIONS = "DEBUG $(inherited)";
				SWIFT_OPTIMIZATION_LEVEL = "-Onone";
			};
			name = Debug;
		};
		4CDB881C2BC06BFB0019AC71 /* Release */ = {
			isa = XCBuildConfiguration;
			buildSettings = {
				ALWAYS_SEARCH_USER_PATHS = NO;
				ASSETCATALOG_COMPILER_GENERATE_SWIFT_ASSET_SYMBOL_EXTENSIONS = YES;
				CLANG_ANALYZER_NONNULL = YES;
				CLANG_ANALYZER_NUMBER_OBJECT_CONVERSION = YES_AGGRESSIVE;
				CLANG_CXX_LANGUAGE_STANDARD = "gnu++20";
				CLANG_ENABLE_MODULES = YES;
				CLANG_ENABLE_OBJC_ARC = YES;
				CLANG_ENABLE_OBJC_WEAK = YES;
				CLANG_WARN_BLOCK_CAPTURE_AUTORELEASING = YES;
				CLANG_WARN_BOOL_CONVERSION = YES;
				CLANG_WARN_COMMA = YES;
				CLANG_WARN_CONSTANT_CONVERSION = YES;
				CLANG_WARN_DEPRECATED_OBJC_IMPLEMENTATIONS = YES;
				CLANG_WARN_DIRECT_OBJC_ISA_USAGE = YES_ERROR;
				CLANG_WARN_DOCUMENTATION_COMMENTS = YES;
				CLANG_WARN_EMPTY_BODY = YES;
				CLANG_WARN_ENUM_CONVERSION = YES;
				CLANG_WARN_INFINITE_RECURSION = YES;
				CLANG_WARN_INT_CONVERSION = YES;
				CLANG_WARN_NON_LITERAL_NULL_CONVERSION = YES;
				CLANG_WARN_OBJC_IMPLICIT_RETAIN_SELF = YES;
				CLANG_WARN_OBJC_LITERAL_CONVERSION = YES;
				CLANG_WARN_OBJC_ROOT_CLASS = YES_ERROR;
				CLANG_WARN_QUOTED_INCLUDE_IN_FRAMEWORK_HEADER = YES;
				CLANG_WARN_RANGE_LOOP_ANALYSIS = YES;
				CLANG_WARN_STRICT_PROTOTYPES = YES;
				CLANG_WARN_SUSPICIOUS_MOVE = YES;
				CLANG_WARN_UNGUARDED_AVAILABILITY = YES_AGGRESSIVE;
				CLANG_WARN_UNREACHABLE_CODE = YES;
				CLANG_WARN__DUPLICATE_METHOD_MATCH = YES;
				COPY_PHASE_STRIP = NO;
				DEBUG_INFORMATION_FORMAT = "dwarf-with-dsym";
				ENABLE_NS_ASSERTIONS = NO;
				ENABLE_STRICT_OBJC_MSGSEND = YES;
				ENABLE_USER_SCRIPT_SANDBOXING = YES;
				GCC_C_LANGUAGE_STANDARD = gnu17;
				GCC_NO_COMMON_BLOCKS = YES;
				GCC_WARN_64_TO_32_BIT_CONVERSION = YES;
				GCC_WARN_ABOUT_RETURN_TYPE = YES_ERROR;
				GCC_WARN_UNDECLARED_SELECTOR = YES;
				GCC_WARN_UNINITIALIZED_AUTOS = YES_AGGRESSIVE;
				GCC_WARN_UNUSED_FUNCTION = YES;
				GCC_WARN_UNUSED_VARIABLE = YES;
				LOCALIZATION_PREFERS_STRING_CATALOGS = YES;
				MTL_ENABLE_DEBUG_INFO = NO;
				MTL_FAST_MATH = YES;
				SWIFT_COMPILATION_MODE = wholemodule;
			};
			name = Release;
		};
		4CDB881E2BC06BFB0019AC71 /* Debug */ = {
			isa = XCBuildConfiguration;
			buildSettings = {
				ASSETCATALOG_COMPILER_APPICON_NAME = AppIcon;
				ASSETCATALOG_COMPILER_GLOBAL_ACCENT_COLOR_NAME = AccentColor;
				CODE_SIGN_ENTITLEMENTS = "Plan Universal/Plan_Universal.entitlements";
				CODE_SIGN_STYLE = Automatic;
				CURRENT_PROJECT_VERSION = 5;
				DEVELOPMENT_ASSET_PATHS = "\"Plan Universal/Preview Content\"";
				DEVELOPMENT_TEAM = 48KV35Y6PN;
				ENABLE_HARDENED_RUNTIME = YES;
				ENABLE_PREVIEWS = YES;
				GENERATE_INFOPLIST_FILE = YES;
				INFOPLIST_FILE = "Plan-Universal-Info.plist";
				INFOPLIST_KEY_LSApplicationCategoryType = "public.app-category.productivity";
				"INFOPLIST_KEY_UIApplicationSceneManifest_Generation[sdk=iphoneos*]" = YES;
				"INFOPLIST_KEY_UIApplicationSceneManifest_Generation[sdk=iphonesimulator*]" = YES;
				"INFOPLIST_KEY_UIApplicationSupportsIndirectInputEvents[sdk=iphoneos*]" = YES;
				"INFOPLIST_KEY_UIApplicationSupportsIndirectInputEvents[sdk=iphonesimulator*]" = YES;
				"INFOPLIST_KEY_UILaunchScreen_Generation[sdk=iphoneos*]" = YES;
				"INFOPLIST_KEY_UILaunchScreen_Generation[sdk=iphonesimulator*]" = YES;
				"INFOPLIST_KEY_UIStatusBarStyle[sdk=iphoneos*]" = UIStatusBarStyleDefault;
				"INFOPLIST_KEY_UIStatusBarStyle[sdk=iphonesimulator*]" = UIStatusBarStyleDefault;
				INFOPLIST_KEY_UISupportedInterfaceOrientations_iPad = "UIInterfaceOrientationPortrait UIInterfaceOrientationPortraitUpsideDown UIInterfaceOrientationLandscapeLeft UIInterfaceOrientationLandscapeRight";
				INFOPLIST_KEY_UISupportedInterfaceOrientations_iPhone = "UIInterfaceOrientationPortrait UIInterfaceOrientationLandscapeLeft UIInterfaceOrientationLandscapeRight";
				IPHONEOS_DEPLOYMENT_TARGET = 17.0;
				LD_RUNPATH_SEARCH_PATHS = "@executable_path/Frameworks";
				"LD_RUNPATH_SEARCH_PATHS[sdk=macosx*]" = "@executable_path/../Frameworks";
				MACOSX_DEPLOYMENT_TARGET = 14.0;
				MARKETING_VERSION = 0.6;
				PRODUCT_BUNDLE_IDENTIFIER = dev.paperwave.Plan;
				PRODUCT_NAME = "$(TARGET_NAME)";
				SDKROOT = auto;
				SUPPORTED_PLATFORMS = "iphoneos iphonesimulator macosx";
				SWIFT_EMIT_LOC_STRINGS = YES;
				SWIFT_VERSION = 5.0;
				TARGETED_DEVICE_FAMILY = "1,2";
			};
			name = Debug;
		};
		4CDB881F2BC06BFB0019AC71 /* Release */ = {
			isa = XCBuildConfiguration;
			buildSettings = {
				ASSETCATALOG_COMPILER_APPICON_NAME = AppIcon;
				ASSETCATALOG_COMPILER_GLOBAL_ACCENT_COLOR_NAME = AccentColor;
				CODE_SIGN_ENTITLEMENTS = "Plan Universal/Plan_Universal.entitlements";
				CODE_SIGN_STYLE = Automatic;
				CURRENT_PROJECT_VERSION = 5;
				DEVELOPMENT_ASSET_PATHS = "\"Plan Universal/Preview Content\"";
				DEVELOPMENT_TEAM = 48KV35Y6PN;
				ENABLE_HARDENED_RUNTIME = YES;
				ENABLE_PREVIEWS = YES;
				GENERATE_INFOPLIST_FILE = YES;
				INFOPLIST_FILE = "Plan-Universal-Info.plist";
				INFOPLIST_KEY_LSApplicationCategoryType = "public.app-category.productivity";
				"INFOPLIST_KEY_UIApplicationSceneManifest_Generation[sdk=iphoneos*]" = YES;
				"INFOPLIST_KEY_UIApplicationSceneManifest_Generation[sdk=iphonesimulator*]" = YES;
				"INFOPLIST_KEY_UIApplicationSupportsIndirectInputEvents[sdk=iphoneos*]" = YES;
				"INFOPLIST_KEY_UIApplicationSupportsIndirectInputEvents[sdk=iphonesimulator*]" = YES;
				"INFOPLIST_KEY_UILaunchScreen_Generation[sdk=iphoneos*]" = YES;
				"INFOPLIST_KEY_UILaunchScreen_Generation[sdk=iphonesimulator*]" = YES;
				"INFOPLIST_KEY_UIStatusBarStyle[sdk=iphoneos*]" = UIStatusBarStyleDefault;
				"INFOPLIST_KEY_UIStatusBarStyle[sdk=iphonesimulator*]" = UIStatusBarStyleDefault;
				INFOPLIST_KEY_UISupportedInterfaceOrientations_iPad = "UIInterfaceOrientationPortrait UIInterfaceOrientationPortraitUpsideDown UIInterfaceOrientationLandscapeLeft UIInterfaceOrientationLandscapeRight";
				INFOPLIST_KEY_UISupportedInterfaceOrientations_iPhone = "UIInterfaceOrientationPortrait UIInterfaceOrientationLandscapeLeft UIInterfaceOrientationLandscapeRight";
				IPHONEOS_DEPLOYMENT_TARGET = 17.0;
				LD_RUNPATH_SEARCH_PATHS = "@executable_path/Frameworks";
				"LD_RUNPATH_SEARCH_PATHS[sdk=macosx*]" = "@executable_path/../Frameworks";
				MACOSX_DEPLOYMENT_TARGET = 14.0;
				MARKETING_VERSION = 0.6;
				PRODUCT_BUNDLE_IDENTIFIER = dev.paperwave.Plan;
				PRODUCT_NAME = "$(TARGET_NAME)";
				SDKROOT = auto;
				SUPPORTED_PLATFORMS = "iphoneos iphonesimulator macosx";
				SWIFT_EMIT_LOC_STRINGS = YES;
				SWIFT_VERSION = 5.0;
				TARGETED_DEVICE_FAMILY = "1,2";
			};
			name = Release;
		};
		4CDB88212BC06BFB0019AC71 /* Debug */ = {
			isa = XCBuildConfiguration;
			buildSettings = {
				ALWAYS_EMBED_SWIFT_STANDARD_LIBRARIES = YES;
				BUNDLE_LOADER = "$(TEST_HOST)";
				CODE_SIGN_STYLE = Automatic;
				CURRENT_PROJECT_VERSION = 1;
				DEVELOPMENT_TEAM = 48KV35Y6PN;
				GENERATE_INFOPLIST_FILE = YES;
				IPHONEOS_DEPLOYMENT_TARGET = 17.4;
				MACOSX_DEPLOYMENT_TARGET = 14.2;
				MARKETING_VERSION = 1.0;
				PRODUCT_BUNDLE_IDENTIFIER = "com.paperwave.Plan-UniversalTests";
				PRODUCT_NAME = "$(TARGET_NAME)";
				SDKROOT = auto;
				SUPPORTED_PLATFORMS = "iphoneos iphonesimulator macosx";
				SWIFT_EMIT_LOC_STRINGS = NO;
				SWIFT_VERSION = 5.0;
				TARGETED_DEVICE_FAMILY = "1,2";
				TEST_HOST = "$(BUILT_PRODUCTS_DIR)/Plan Universal.app/$(BUNDLE_EXECUTABLE_FOLDER_PATH)/Plan Universal";
			};
			name = Debug;
		};
		4CDB88222BC06BFB0019AC71 /* Release */ = {
			isa = XCBuildConfiguration;
			buildSettings = {
				ALWAYS_EMBED_SWIFT_STANDARD_LIBRARIES = YES;
				BUNDLE_LOADER = "$(TEST_HOST)";
				CODE_SIGN_STYLE = Automatic;
				CURRENT_PROJECT_VERSION = 1;
				DEVELOPMENT_TEAM = 48KV35Y6PN;
				GENERATE_INFOPLIST_FILE = YES;
				IPHONEOS_DEPLOYMENT_TARGET = 17.4;
				MACOSX_DEPLOYMENT_TARGET = 14.2;
				MARKETING_VERSION = 1.0;
				PRODUCT_BUNDLE_IDENTIFIER = "com.paperwave.Plan-UniversalTests";
				PRODUCT_NAME = "$(TARGET_NAME)";
				SDKROOT = auto;
				SUPPORTED_PLATFORMS = "iphoneos iphonesimulator macosx";
				SWIFT_EMIT_LOC_STRINGS = NO;
				SWIFT_VERSION = 5.0;
				TARGETED_DEVICE_FAMILY = "1,2";
				TEST_HOST = "$(BUILT_PRODUCTS_DIR)/Plan Universal.app/$(BUNDLE_EXECUTABLE_FOLDER_PATH)/Plan Universal";
			};
			name = Release;
		};
		4CDB88242BC06BFB0019AC71 /* Debug */ = {
			isa = XCBuildConfiguration;
			buildSettings = {
				ALWAYS_EMBED_SWIFT_STANDARD_LIBRARIES = YES;
				CODE_SIGN_STYLE = Automatic;
				CURRENT_PROJECT_VERSION = 1;
				DEVELOPMENT_TEAM = 48KV35Y6PN;
				GENERATE_INFOPLIST_FILE = YES;
				IPHONEOS_DEPLOYMENT_TARGET = 17.4;
				MACOSX_DEPLOYMENT_TARGET = 14.2;
				MARKETING_VERSION = 1.0;
				PRODUCT_BUNDLE_IDENTIFIER = "com.paperwave.Plan-UniversalUITests";
				PRODUCT_NAME = "$(TARGET_NAME)";
				SDKROOT = auto;
				SUPPORTED_PLATFORMS = "iphoneos iphonesimulator macosx";
				SWIFT_EMIT_LOC_STRINGS = NO;
				SWIFT_VERSION = 5.0;
				TARGETED_DEVICE_FAMILY = "1,2";
				TEST_TARGET_NAME = "Plan Universal";
			};
			name = Debug;
		};
		4CDB88252BC06BFB0019AC71 /* Release */ = {
			isa = XCBuildConfiguration;
			buildSettings = {
				ALWAYS_EMBED_SWIFT_STANDARD_LIBRARIES = YES;
				CODE_SIGN_STYLE = Automatic;
				CURRENT_PROJECT_VERSION = 1;
				DEVELOPMENT_TEAM = 48KV35Y6PN;
				GENERATE_INFOPLIST_FILE = YES;
				IPHONEOS_DEPLOYMENT_TARGET = 17.4;
				MACOSX_DEPLOYMENT_TARGET = 14.2;
				MARKETING_VERSION = 1.0;
				PRODUCT_BUNDLE_IDENTIFIER = "com.paperwave.Plan-UniversalUITests";
				PRODUCT_NAME = "$(TARGET_NAME)";
				SDKROOT = auto;
				SUPPORTED_PLATFORMS = "iphoneos iphonesimulator macosx";
				SWIFT_EMIT_LOC_STRINGS = NO;
				SWIFT_VERSION = 5.0;
				TARGETED_DEVICE_FAMILY = "1,2";
				TEST_TARGET_NAME = "Plan Universal";
			};
			name = Release;
		};
/* End XCBuildConfiguration section */

/* Begin XCConfigurationList section */
		4CDB87F12BC06BFA0019AC71 /* Build configuration list for PBXProject "Plan Universal" */ = {
			isa = XCConfigurationList;
			buildConfigurations = (
				4CDB881B2BC06BFB0019AC71 /* Debug */,
				4CDB881C2BC06BFB0019AC71 /* Release */,
			);
			defaultConfigurationIsVisible = 0;
			defaultConfigurationName = Release;
		};
		4CDB881D2BC06BFB0019AC71 /* Build configuration list for PBXNativeTarget "Plan Universal" */ = {
			isa = XCConfigurationList;
			buildConfigurations = (
				4CDB881E2BC06BFB0019AC71 /* Debug */,
				4CDB881F2BC06BFB0019AC71 /* Release */,
			);
			defaultConfigurationIsVisible = 0;
			defaultConfigurationName = Release;
		};
		4CDB88202BC06BFB0019AC71 /* Build configuration list for PBXNativeTarget "Plan UniversalTests" */ = {
			isa = XCConfigurationList;
			buildConfigurations = (
				4CDB88212BC06BFB0019AC71 /* Debug */,
				4CDB88222BC06BFB0019AC71 /* Release */,
			);
			defaultConfigurationIsVisible = 0;
			defaultConfigurationName = Release;
		};
		4CDB88232BC06BFB0019AC71 /* Build configuration list for PBXNativeTarget "Plan UniversalUITests" */ = {
			isa = XCConfigurationList;
			buildConfigurations = (
				4CDB88242BC06BFB0019AC71 /* Debug */,
				4CDB88252BC06BFB0019AC71 /* Release */,
			);
			defaultConfigurationIsVisible = 0;
			defaultConfigurationName = Release;
		};
/* End XCConfigurationList section */
	};
	rootObject = 4CDB87EE2BC06BFA0019AC71 /* Project object */;
}
